// !$*UTF8*$!
{
	archiveVersion = 1;
	classes = {
	};
	objectVersion = 46;
	objects = {

/* Begin PBXBuildFile section */
		4E0475911EE6BA7D00EF9579 /* Assets.xcassets in Resources */ = {isa = PBXBuildFile; fileRef = 4E0475901EE6BA7D00EF9579 /* Assets.xcassets */; };
		4E0475AE1EE6BAE900EF9579 /* AppDelegate.swift in Sources */ = {isa = PBXBuildFile; fileRef = 4E0475AB1EE6BAE900EF9579 /* AppDelegate.swift */; };
		4E0475B71EE6BB4500EF9579 /* LaunchScreen.storyboard in Resources */ = {isa = PBXBuildFile; fileRef = 4E0475B31EE6BB4500EF9579 /* LaunchScreen.storyboard */; };
		4E0475B81EE6BB4500EF9579 /* Main.storyboard in Resources */ = {isa = PBXBuildFile; fileRef = 4E0475B51EE6BB4500EF9579 /* Main.storyboard */; };
		4E0475BD1EE6BC9000EF9579 /* Cancellable.swift in Sources */ = {isa = PBXBuildFile; fileRef = 4E0475BA1EE6BC9000EF9579 /* Cancellable.swift */; };
		4E0475BE1EE6BC9000EF9579 /* RedditApiService.swift in Sources */ = {isa = PBXBuildFile; fileRef = 4E0475BB1EE6BC9000EF9579 /* RedditApiService.swift */; };
		4E0475BF1EE6BC9000EF9579 /* RedditApiToken.swift in Sources */ = {isa = PBXBuildFile; fileRef = 4E0475BC1EE6BC9000EF9579 /* RedditApiToken.swift */; };
		4E0475C51EE6BD7800EF9579 /* CollectionTypeExtensions.swift in Sources */ = {isa = PBXBuildFile; fileRef = 4E0475C41EE6BD7800EF9579 /* CollectionTypeExtensions.swift */; };
		4E0475C81EE6BDAA00EF9579 /* CollectionTypeExtensionsTests.swift in Sources */ = {isa = PBXBuildFile; fileRef = 4E0475C71EE6BDAA00EF9579 /* CollectionTypeExtensionsTests.swift */; };
		4E0475CC1EE6C00B00EF9579 /* DataTask.swift in Sources */ = {isa = PBXBuildFile; fileRef = 4E0475C91EE6C00B00EF9579 /* DataTask.swift */; };
		4E0475CD1EE6C00B00EF9579 /* DataTaskProvider.swift in Sources */ = {isa = PBXBuildFile; fileRef = 4E0475CA1EE6C00B00EF9579 /* DataTaskProvider.swift */; };
		4E0475CE1EE6C00B00EF9579 /* RedditApiRequestManager.swift in Sources */ = {isa = PBXBuildFile; fileRef = 4E0475CB1EE6C00B00EF9579 /* RedditApiRequestManager.swift */; };
		4E0475D11EE6C01500EF9579 /* Reddit.swift in Sources */ = {isa = PBXBuildFile; fileRef = 4E0475D01EE6C01500EF9579 /* Reddit.swift */; };
		4E0475D41EE6C05000EF9579 /* RedditTests.swift in Sources */ = {isa = PBXBuildFile; fileRef = 4E0475D31EE6C05000EF9579 /* RedditTests.swift */; };
		4E0475D61EE6C05800EF9579 /* RedditApiRequestManagerTests.swift in Sources */ = {isa = PBXBuildFile; fileRef = 4E0475D51EE6C05800EF9579 /* RedditApiRequestManagerTests.swift */; };
		4E0475D91EE6C07100EF9579 /* Random.swift in Sources */ = {isa = PBXBuildFile; fileRef = 4E0475D81EE6C07100EF9579 /* Random.swift */; };
		4E0475DC1EE6C0A100EF9579 /* EntitiesRandomExtensions.swift in Sources */ = {isa = PBXBuildFile; fileRef = 4E0475DB1EE6C0A100EF9579 /* EntitiesRandomExtensions.swift */; };
		4E0475E61EE6C42900EF9579 /* RedditsListCell.swift in Sources */ = {isa = PBXBuildFile; fileRef = 4E0475E01EE6C42900EF9579 /* RedditsListCell.swift */; };
		4E0475E71EE6C42900EF9579 /* RedditsListCellViewData.swift in Sources */ = {isa = PBXBuildFile; fileRef = 4E0475E11EE6C42900EF9579 /* RedditsListCellViewData.swift */; };
		4E0475E91EE6C42900EF9579 /* RedditsListModel.swift in Sources */ = {isa = PBXBuildFile; fileRef = 4E0475E41EE6C42900EF9579 /* RedditsListModel.swift */; };
		4E0475EA1EE6C42900EF9579 /* RedditsListViewController.swift in Sources */ = {isa = PBXBuildFile; fileRef = 4E0475E51EE6C42900EF9579 /* RedditsListViewController.swift */; };
		4E0475EE1EE6C45400EF9579 /* RedditsListModelTests.swift in Sources */ = {isa = PBXBuildFile; fileRef = 4E0475ED1EE6C45400EF9579 /* RedditsListModelTests.swift */; };
		4E0475F21EE6C48000EF9579 /* CommonAppearance.swift in Sources */ = {isa = PBXBuildFile; fileRef = 4E0475F01EE6C48000EF9579 /* CommonAppearance.swift */; };
		4E0475F31EE6C48000EF9579 /* OperationState.swift in Sources */ = {isa = PBXBuildFile; fileRef = 4E0475F11EE6C48000EF9579 /* OperationState.swift */; };
		4E0475F51EE6C53300EF9579 /* IntExtensions.swift in Sources */ = {isa = PBXBuildFile; fileRef = 4E0475F41EE6C53300EF9579 /* IntExtensions.swift */; };
		4E0475F71EE6C59A00EF9579 /* CalendarExtensions.swift in Sources */ = {isa = PBXBuildFile; fileRef = 4E0475F61EE6C59A00EF9579 /* CalendarExtensions.swift */; };
		4E0475F91EE6C5B200EF9579 /* UIImageViewExtensions.swift in Sources */ = {isa = PBXBuildFile; fileRef = 4E0475F81EE6C5B200EF9579 /* UIImageViewExtensions.swift */; };
		4E0475FB1EE6C61B00EF9579 /* FakeRedditApiRequestManager.swift in Sources */ = {isa = PBXBuildFile; fileRef = 4E0475FA1EE6C61B00EF9579 /* FakeRedditApiRequestManager.swift */; };
		4E0475FE1EE6CBD300EF9579 /* RedditsListLoadingCell.swift in Sources */ = {isa = PBXBuildFile; fileRef = 4E0475FD1EE6CBD300EF9579 /* RedditsListLoadingCell.swift */; };
/* End PBXBuildFile section */

/* Begin PBXContainerItemProxy section */
		4E04759B1EE6BA7D00EF9579 /* PBXContainerItemProxy */ = {
			isa = PBXContainerItemProxy;
			containerPortal = 4E04757E1EE6BA7D00EF9579 /* Project object */;
			proxyType = 1;
			remoteGlobalIDString = 4E0475851EE6BA7D00EF9579;
			remoteInfo = RedditViewer;
		};
/* End PBXContainerItemProxy section */

/* Begin PBXFileReference section */
		4E0475861EE6BA7D00EF9579 /* RedditViewer.app */ = {isa = PBXFileReference; explicitFileType = wrapper.application; includeInIndex = 0; path = RedditViewer.app; sourceTree = BUILT_PRODUCTS_DIR; };
		4E0475901EE6BA7D00EF9579 /* Assets.xcassets */ = {isa = PBXFileReference; lastKnownFileType = folder.assetcatalog; path = Assets.xcassets; sourceTree = "<group>"; };
		4E04759A1EE6BA7D00EF9579 /* RedditViewerTests.xctest */ = {isa = PBXFileReference; explicitFileType = wrapper.cfbundle; includeInIndex = 0; path = RedditViewerTests.xctest; sourceTree = BUILT_PRODUCTS_DIR; };
		4E0475A01EE6BA7D00EF9579 /* Info.plist */ = {isa = PBXFileReference; lastKnownFileType = text.plist.xml; path = Info.plist; sourceTree = "<group>"; };
		4E0475AB1EE6BAE900EF9579 /* AppDelegate.swift */ = {isa = PBXFileReference; fileEncoding = 4; lastKnownFileType = sourcecode.swift; path = AppDelegate.swift; sourceTree = "<group>"; };
		4E0475B11EE6BB0F00EF9579 /* Info.plist */ = {isa = PBXFileReference; fileEncoding = 4; lastKnownFileType = text.plist.xml; name = Info.plist; path = "Supporting Files/Info.plist"; sourceTree = "<group>"; };
		4E0475B41EE6BB4500EF9579 /* Base */ = {isa = PBXFileReference; lastKnownFileType = file.storyboard; name = Base; path = "Supporting Files/Base.lproj/LaunchScreen.storyboard"; sourceTree = "<group>"; };
		4E0475B61EE6BB4500EF9579 /* Base */ = {isa = PBXFileReference; lastKnownFileType = file.storyboard; name = Base; path = "Supporting Files/Base.lproj/Main.storyboard"; sourceTree = "<group>"; };
		4E0475BA1EE6BC9000EF9579 /* Cancellable.swift */ = {isa = PBXFileReference; fileEncoding = 4; lastKnownFileType = sourcecode.swift; path = Cancellable.swift; sourceTree = "<group>"; };
		4E0475BB1EE6BC9000EF9579 /* RedditApiService.swift */ = {isa = PBXFileReference; fileEncoding = 4; lastKnownFileType = sourcecode.swift; path = RedditApiService.swift; sourceTree = "<group>"; };
		4E0475BC1EE6BC9000EF9579 /* RedditApiToken.swift */ = {isa = PBXFileReference; fileEncoding = 4; lastKnownFileType = sourcecode.swift; path = RedditApiToken.swift; sourceTree = "<group>"; };
		4E0475C41EE6BD7800EF9579 /* CollectionTypeExtensions.swift */ = {isa = PBXFileReference; fileEncoding = 4; lastKnownFileType = sourcecode.swift; path = CollectionTypeExtensions.swift; sourceTree = "<group>"; };
		4E0475C71EE6BDAA00EF9579 /* CollectionTypeExtensionsTests.swift */ = {isa = PBXFileReference; fileEncoding = 4; lastKnownFileType = sourcecode.swift; path = CollectionTypeExtensionsTests.swift; sourceTree = "<group>"; };
		4E0475C91EE6C00B00EF9579 /* DataTask.swift */ = {isa = PBXFileReference; fileEncoding = 4; lastKnownFileType = sourcecode.swift; path = DataTask.swift; sourceTree = "<group>"; };
		4E0475CA1EE6C00B00EF9579 /* DataTaskProvider.swift */ = {isa = PBXFileReference; fileEncoding = 4; lastKnownFileType = sourcecode.swift; path = DataTaskProvider.swift; sourceTree = "<group>"; };
		4E0475CB1EE6C00B00EF9579 /* RedditApiRequestManager.swift */ = {isa = PBXFileReference; fileEncoding = 4; lastKnownFileType = sourcecode.swift; path = RedditApiRequestManager.swift; sourceTree = "<group>"; };
		4E0475D01EE6C01500EF9579 /* Reddit.swift */ = {isa = PBXFileReference; fileEncoding = 4; lastKnownFileType = sourcecode.swift; path = Reddit.swift; sourceTree = "<group>"; };
		4E0475D31EE6C05000EF9579 /* RedditTests.swift */ = {isa = PBXFileReference; fileEncoding = 4; lastKnownFileType = sourcecode.swift; path = RedditTests.swift; sourceTree = "<group>"; };
		4E0475D51EE6C05800EF9579 /* RedditApiRequestManagerTests.swift */ = {isa = PBXFileReference; fileEncoding = 4; lastKnownFileType = sourcecode.swift; path = RedditApiRequestManagerTests.swift; sourceTree = "<group>"; };
		4E0475D81EE6C07100EF9579 /* Random.swift */ = {isa = PBXFileReference; fileEncoding = 4; lastKnownFileType = sourcecode.swift; path = Random.swift; sourceTree = "<group>"; };
		4E0475DB1EE6C0A100EF9579 /* EntitiesRandomExtensions.swift */ = {isa = PBXFileReference; fileEncoding = 4; lastKnownFileType = sourcecode.swift; path = EntitiesRandomExtensions.swift; sourceTree = "<group>"; };
		4E0475E01EE6C42900EF9579 /* RedditsListCell.swift */ = {isa = PBXFileReference; fileEncoding = 4; lastKnownFileType = sourcecode.swift; path = RedditsListCell.swift; sourceTree = "<group>"; };
		4E0475E11EE6C42900EF9579 /* RedditsListCellViewData.swift */ = {isa = PBXFileReference; fileEncoding = 4; lastKnownFileType = sourcecode.swift; path = RedditsListCellViewData.swift; sourceTree = "<group>"; };
		4E0475E41EE6C42900EF9579 /* RedditsListModel.swift */ = {isa = PBXFileReference; fileEncoding = 4; lastKnownFileType = sourcecode.swift; path = RedditsListModel.swift; sourceTree = "<group>"; };
		4E0475E51EE6C42900EF9579 /* RedditsListViewController.swift */ = {isa = PBXFileReference; fileEncoding = 4; lastKnownFileType = sourcecode.swift; path = RedditsListViewController.swift; sourceTree = "<group>"; };
		4E0475ED1EE6C45400EF9579 /* RedditsListModelTests.swift */ = {isa = PBXFileReference; fileEncoding = 4; lastKnownFileType = sourcecode.swift; path = RedditsListModelTests.swift; sourceTree = "<group>"; };
		4E0475F01EE6C48000EF9579 /* CommonAppearance.swift */ = {isa = PBXFileReference; fileEncoding = 4; lastKnownFileType = sourcecode.swift; path = CommonAppearance.swift; sourceTree = "<group>"; };
		4E0475F11EE6C48000EF9579 /* OperationState.swift */ = {isa = PBXFileReference; fileEncoding = 4; lastKnownFileType = sourcecode.swift; path = OperationState.swift; sourceTree = "<group>"; };
		4E0475F41EE6C53300EF9579 /* IntExtensions.swift */ = {isa = PBXFileReference; fileEncoding = 4; lastKnownFileType = sourcecode.swift; path = IntExtensions.swift; sourceTree = "<group>"; };
		4E0475F61EE6C59A00EF9579 /* CalendarExtensions.swift */ = {isa = PBXFileReference; fileEncoding = 4; lastKnownFileType = sourcecode.swift; path = CalendarExtensions.swift; sourceTree = "<group>"; };
		4E0475F81EE6C5B200EF9579 /* UIImageViewExtensions.swift */ = {isa = PBXFileReference; fileEncoding = 4; lastKnownFileType = sourcecode.swift; path = UIImageViewExtensions.swift; sourceTree = "<group>"; };
		4E0475FA1EE6C61B00EF9579 /* FakeRedditApiRequestManager.swift */ = {isa = PBXFileReference; fileEncoding = 4; lastKnownFileType = sourcecode.swift; path = FakeRedditApiRequestManager.swift; sourceTree = "<group>"; };
		4E0475FD1EE6CBD300EF9579 /* RedditsListLoadingCell.swift */ = {isa = PBXFileReference; fileEncoding = 4; lastKnownFileType = sourcecode.swift; path = RedditsListLoadingCell.swift; sourceTree = "<group>"; };
/* End PBXFileReference section */

/* Begin PBXFrameworksBuildPhase section */
		4E0475831EE6BA7D00EF9579 /* Frameworks */ = {
			isa = PBXFrameworksBuildPhase;
			buildActionMask = 2147483647;
			files = (
			);
			runOnlyForDeploymentPostprocessing = 0;
		};
		4E0475971EE6BA7D00EF9579 /* Frameworks */ = {
			isa = PBXFrameworksBuildPhase;
			buildActionMask = 2147483647;
			files = (
			);
			runOnlyForDeploymentPostprocessing = 0;
		};
/* End PBXFrameworksBuildPhase section */

/* Begin PBXGroup section */
		4E04757D1EE6BA7D00EF9579 = {
			isa = PBXGroup;
			children = (
				4E0475881EE6BA7D00EF9579 /* RedditViewer */,
				4E04759D1EE6BA7D00EF9579 /* RedditViewerTests */,
				4E0475871EE6BA7D00EF9579 /* Products */,
			);
			sourceTree = "<group>";
		};
		4E0475871EE6BA7D00EF9579 /* Products */ = {
			isa = PBXGroup;
			children = (
				4E0475861EE6BA7D00EF9579 /* RedditViewer.app */,
				4E04759A1EE6BA7D00EF9579 /* RedditViewerTests.xctest */,
			);
			name = Products;
			sourceTree = "<group>";
		};
		4E0475881EE6BA7D00EF9579 /* RedditViewer */ = {
			isa = PBXGroup;
			children = (
				4E0475A91EE6BAE900EF9579 /* Classes */,
				4E0475901EE6BA7D00EF9579 /* Assets.xcassets */,
				4E0475B01EE6BAF700EF9579 /* Supporting Files */,
			);
			path = RedditViewer;
			sourceTree = "<group>";
		};
		4E04759D1EE6BA7D00EF9579 /* RedditViewerTests */ = {
			isa = PBXGroup;
			children = (
				4E0475EB1EE6C45400EF9579 /* Presentation */,
				4E0475DA1EE6C0A100EF9579 /* Stubs */,
				4E0475D71EE6C07100EF9579 /* Common */,
				4E0475D21EE6C05000EF9579 /* Data */,
				4E0475C61EE6BDAA00EF9579 /* Extensions */,
				4E0475C01EE6BCE300EF9579 /* API */,
				4E0475A01EE6BA7D00EF9579 /* Info.plist */,
			);
			path = RedditViewerTests;
			sourceTree = "<group>";
		};
		4E0475A91EE6BAE900EF9579 /* Classes */ = {
			isa = PBXGroup;
			children = (
				4E0475EF1EE6C48000EF9579 /* Common */,
				4E0475CF1EE6C01500EF9579 /* Data */,
				4E0475C31EE6BD6500EF9579 /* Extensions */,
				4E0475B91EE6BC5F00EF9579 /* API */,
				4E0475AA1EE6BAE900EF9579 /* Application */,
				4E0475AC1EE6BAE900EF9579 /* Presentation */,
			);
			path = Classes;
			sourceTree = "<group>";
		};
		4E0475AA1EE6BAE900EF9579 /* Application */ = {
			isa = PBXGroup;
			children = (
				4E0475AB1EE6BAE900EF9579 /* AppDelegate.swift */,
			);
			path = Application;
			sourceTree = "<group>";
		};
		4E0475AC1EE6BAE900EF9579 /* Presentation */ = {
			isa = PBXGroup;
			children = (
				4E0475DD1EE6C42900EF9579 /* RedditsList */,
			);
			path = Presentation;
			sourceTree = "<group>";
		};
		4E0475B01EE6BAF700EF9579 /* Supporting Files */ = {
			isa = PBXGroup;
			children = (
				4E0475B31EE6BB4500EF9579 /* LaunchScreen.storyboard */,
				4E0475B51EE6BB4500EF9579 /* Main.storyboard */,
				4E0475B11EE6BB0F00EF9579 /* Info.plist */,
			);
			name = "Supporting Files";
			sourceTree = "<group>";
		};
		4E0475B91EE6BC5F00EF9579 /* API */ = {
			isa = PBXGroup;
			children = (
				4E0475C91EE6C00B00EF9579 /* DataTask.swift */,
				4E0475CA1EE6C00B00EF9579 /* DataTaskProvider.swift */,
				4E0475CB1EE6C00B00EF9579 /* RedditApiRequestManager.swift */,
				4E0475BA1EE6BC9000EF9579 /* Cancellable.swift */,
				4E0475BB1EE6BC9000EF9579 /* RedditApiService.swift */,
				4E0475BC1EE6BC9000EF9579 /* RedditApiToken.swift */,
			);
			path = API;
			sourceTree = "<group>";
		};
		4E0475C01EE6BCE300EF9579 /* API */ = {
			isa = PBXGroup;
			children = (
				4E0475D51EE6C05800EF9579 /* RedditApiRequestManagerTests.swift */,
			);
			path = API;
			sourceTree = "<group>";
		};
		4E0475C31EE6BD6500EF9579 /* Extensions */ = {
			isa = PBXGroup;
			children = (
				4E0475F81EE6C5B200EF9579 /* UIImageViewExtensions.swift */,
				4E0475F61EE6C59A00EF9579 /* CalendarExtensions.swift */,
				4E0475C41EE6BD7800EF9579 /* CollectionTypeExtensions.swift */,
				4E0475F41EE6C53300EF9579 /* IntExtensions.swift */,
			);
			path = Extensions;
			sourceTree = "<group>";
		};
		4E0475C61EE6BDAA00EF9579 /* Extensions */ = {
			isa = PBXGroup;
			children = (
				4E0475C71EE6BDAA00EF9579 /* CollectionTypeExtensionsTests.swift */,
			);
			path = Extensions;
			sourceTree = "<group>";
		};
		4E0475CF1EE6C01500EF9579 /* Data */ = {
			isa = PBXGroup;
			children = (
				4E0475D01EE6C01500EF9579 /* Reddit.swift */,
			);
			path = Data;
			sourceTree = "<group>";
		};
		4E0475D21EE6C05000EF9579 /* Data */ = {
			isa = PBXGroup;
			children = (
				4E0475D31EE6C05000EF9579 /* RedditTests.swift */,
			);
			path = Data;
			sourceTree = "<group>";
		};
		4E0475D71EE6C07100EF9579 /* Common */ = {
			isa = PBXGroup;
			children = (
				4E0475D81EE6C07100EF9579 /* Random.swift */,
			);
			path = Common;
			sourceTree = "<group>";
		};
		4E0475DA1EE6C0A100EF9579 /* Stubs */ = {
			isa = PBXGroup;
			children = (
				4E0475FA1EE6C61B00EF9579 /* FakeRedditApiRequestManager.swift */,
				4E0475DB1EE6C0A100EF9579 /* EntitiesRandomExtensions.swift */,
			);
			path = Stubs;
			sourceTree = "<group>";
		};
		4E0475DD1EE6C42900EF9579 /* RedditsList */ = {
			isa = PBXGroup;
			children = (
				4E0475DE1EE6C42900EF9579 /* Cells */,
				4E0475E41EE6C42900EF9579 /* RedditsListModel.swift */,
				4E0475E51EE6C42900EF9579 /* RedditsListViewController.swift */,
			);
			path = RedditsList;
			sourceTree = "<group>";
		};
		4E0475DE1EE6C42900EF9579 /* Cells */ = {
			isa = PBXGroup;
			children = (
				4E0475FC1EE6CBAB00EF9579 /* RedditsListLoadingCell */,
				4E0475DF1EE6C42900EF9579 /* RedditsListCell */,
			);
			path = Cells;
			sourceTree = "<group>";
		};
		4E0475DF1EE6C42900EF9579 /* RedditsListCell */ = {
			isa = PBXGroup;
			children = (
				4E0475E01EE6C42900EF9579 /* RedditsListCell.swift */,
				4E0475E11EE6C42900EF9579 /* RedditsListCellViewData.swift */,
			);
			path = RedditsListCell;
			sourceTree = "<group>";
		};
		4E0475EB1EE6C45400EF9579 /* Presentation */ = {
			isa = PBXGroup;
			children = (
				4E0475EC1EE6C45400EF9579 /* RedditsList */,
			);
			path = Presentation;
			sourceTree = "<group>";
		};
		4E0475EC1EE6C45400EF9579 /* RedditsList */ = {
			isa = PBXGroup;
			children = (
				4E0475ED1EE6C45400EF9579 /* RedditsListModelTests.swift */,
			);
			path = RedditsList;
			sourceTree = "<group>";
		};
		4E0475EF1EE6C48000EF9579 /* Common */ = {
			isa = PBXGroup;
			children = (
				4E0475F01EE6C48000EF9579 /* CommonAppearance.swift */,
				4E0475F11EE6C48000EF9579 /* OperationState.swift */,
			);
			path = Common;
			sourceTree = "<group>";
		};
		4E0475FC1EE6CBAB00EF9579 /* RedditsListLoadingCell */ = {
			isa = PBXGroup;
			children = (
				4E0475FD1EE6CBD300EF9579 /* RedditsListLoadingCell.swift */,
			);
			path = RedditsListLoadingCell;
			sourceTree = "<group>";
		};
/* End PBXGroup section */

/* Begin PBXNativeTarget section */
		4E0475851EE6BA7D00EF9579 /* RedditViewer */ = {
			isa = PBXNativeTarget;
			buildConfigurationList = 4E0475A31EE6BA7D00EF9579 /* Build configuration list for PBXNativeTarget "RedditViewer" */;
			buildPhases = (
				4E0475821EE6BA7D00EF9579 /* Sources */,
				4E0475831EE6BA7D00EF9579 /* Frameworks */,
				4E0475841EE6BA7D00EF9579 /* Resources */,
			);
			buildRules = (
			);
			dependencies = (
			);
			name = RedditViewer;
			productName = RedditViewer;
			productReference = 4E0475861EE6BA7D00EF9579 /* RedditViewer.app */;
			productType = "com.apple.product-type.application";
		};
		4E0475991EE6BA7D00EF9579 /* RedditViewerTests */ = {
			isa = PBXNativeTarget;
			buildConfigurationList = 4E0475A61EE6BA7D00EF9579 /* Build configuration list for PBXNativeTarget "RedditViewerTests" */;
			buildPhases = (
				4E0475961EE6BA7D00EF9579 /* Sources */,
				4E0475971EE6BA7D00EF9579 /* Frameworks */,
				4E0475981EE6BA7D00EF9579 /* Resources */,
			);
			buildRules = (
			);
			dependencies = (
				4E04759C1EE6BA7D00EF9579 /* PBXTargetDependency */,
			);
			name = RedditViewerTests;
			productName = RedditViewerTests;
			productReference = 4E04759A1EE6BA7D00EF9579 /* RedditViewerTests.xctest */;
			productType = "com.apple.product-type.bundle.unit-test";
		};
/* End PBXNativeTarget section */

/* Begin PBXProject section */
		4E04757E1EE6BA7D00EF9579 /* Project object */ = {
			isa = PBXProject;
			attributes = {
				LastSwiftUpdateCheck = 0830;
				LastUpgradeCheck = 0830;
				ORGANIZATIONNAME = "Vitalii Malakhovskyi";
				TargetAttributes = {
					4E0475851EE6BA7D00EF9579 = {
						CreatedOnToolsVersion = 8.3.2;
						DevelopmentTeam = MP8KVSC52S;
						ProvisioningStyle = Automatic;
					};
					4E0475991EE6BA7D00EF9579 = {
						CreatedOnToolsVersion = 8.3.2;
						DevelopmentTeam = MP8KVSC52S;
						LastSwiftMigration = 0830;
						ProvisioningStyle = Automatic;
						TestTargetID = 4E0475851EE6BA7D00EF9579;
					};
				};
			};
			buildConfigurationList = 4E0475811EE6BA7D00EF9579 /* Build configuration list for PBXProject "RedditViewer" */;
			compatibilityVersion = "Xcode 3.2";
			developmentRegion = English;
			hasScannedForEncodings = 0;
			knownRegions = (
				en,
				Base,
			);
			mainGroup = 4E04757D1EE6BA7D00EF9579;
			productRefGroup = 4E0475871EE6BA7D00EF9579 /* Products */;
			projectDirPath = "";
			projectRoot = "";
			targets = (
				4E0475851EE6BA7D00EF9579 /* RedditViewer */,
				4E0475991EE6BA7D00EF9579 /* RedditViewerTests */,
			);
		};
/* End PBXProject section */

/* Begin PBXResourcesBuildPhase section */
		4E0475841EE6BA7D00EF9579 /* Resources */ = {
			isa = PBXResourcesBuildPhase;
			buildActionMask = 2147483647;
			files = (
				4E0475B71EE6BB4500EF9579 /* LaunchScreen.storyboard in Resources */,
				4E0475911EE6BA7D00EF9579 /* Assets.xcassets in Resources */,
				4E0475B81EE6BB4500EF9579 /* Main.storyboard in Resources */,
			);
			runOnlyForDeploymentPostprocessing = 0;
		};
		4E0475981EE6BA7D00EF9579 /* Resources */ = {
			isa = PBXResourcesBuildPhase;
			buildActionMask = 2147483647;
			files = (
			);
			runOnlyForDeploymentPostprocessing = 0;
		};
/* End PBXResourcesBuildPhase section */

/* Begin PBXSourcesBuildPhase section */
		4E0475821EE6BA7D00EF9579 /* Sources */ = {
			isa = PBXSourcesBuildPhase;
			buildActionMask = 2147483647;
			files = (
				4E0475EA1EE6C42900EF9579 /* RedditsListViewController.swift in Sources */,
				4E0475F31EE6C48000EF9579 /* OperationState.swift in Sources */,
				4E0475FE1EE6CBD300EF9579 /* RedditsListLoadingCell.swift in Sources */,
				4E0475F91EE6C5B200EF9579 /* UIImageViewExtensions.swift in Sources */,
				4E0475BE1EE6BC9000EF9579 /* RedditApiService.swift in Sources */,
				4E0475CD1EE6C00B00EF9579 /* DataTaskProvider.swift in Sources */,
				4E0475E91EE6C42900EF9579 /* RedditsListModel.swift in Sources */,
				4E0475F51EE6C53300EF9579 /* IntExtensions.swift in Sources */,
				4E0475F21EE6C48000EF9579 /* CommonAppearance.swift in Sources */,
				4E0475BD1EE6BC9000EF9579 /* Cancellable.swift in Sources */,
				4E0475E71EE6C42900EF9579 /* RedditsListCellViewData.swift in Sources */,
				4E0475CE1EE6C00B00EF9579 /* RedditApiRequestManager.swift in Sources */,
				4E0475CC1EE6C00B00EF9579 /* DataTask.swift in Sources */,
				4E0475D11EE6C01500EF9579 /* Reddit.swift in Sources */,
				4E0475F71EE6C59A00EF9579 /* CalendarExtensions.swift in Sources */,
				4E0475BF1EE6BC9000EF9579 /* RedditApiToken.swift in Sources */,
				4E0475E61EE6C42900EF9579 /* RedditsListCell.swift in Sources */,
				4E0475C51EE6BD7800EF9579 /* CollectionTypeExtensions.swift in Sources */,
				4E0475AE1EE6BAE900EF9579 /* AppDelegate.swift in Sources */,
			);
			runOnlyForDeploymentPostprocessing = 0;
		};
		4E0475961EE6BA7D00EF9579 /* Sources */ = {
			isa = PBXSourcesBuildPhase;
			buildActionMask = 2147483647;
			files = (
				4E0475D91EE6C07100EF9579 /* Random.swift in Sources */,
				4E0475C81EE6BDAA00EF9579 /* CollectionTypeExtensionsTests.swift in Sources */,
				4E0475DC1EE6C0A100EF9579 /* EntitiesRandomExtensions.swift in Sources */,
				4E0475FB1EE6C61B00EF9579 /* FakeRedditApiRequestManager.swift in Sources */,
				4E0475D61EE6C05800EF9579 /* RedditApiRequestManagerTests.swift in Sources */,
				4E0475D41EE6C05000EF9579 /* RedditTests.swift in Sources */,
				4E0475EE1EE6C45400EF9579 /* RedditsListModelTests.swift in Sources */,
			);
			runOnlyForDeploymentPostprocessing = 0;
		};
/* End PBXSourcesBuildPhase section */

/* Begin PBXTargetDependency section */
		4E04759C1EE6BA7D00EF9579 /* PBXTargetDependency */ = {
			isa = PBXTargetDependency;
			target = 4E0475851EE6BA7D00EF9579 /* RedditViewer */;
			targetProxy = 4E04759B1EE6BA7D00EF9579 /* PBXContainerItemProxy */;
		};
/* End PBXTargetDependency section */

/* Begin PBXVariantGroup section */
		4E0475B31EE6BB4500EF9579 /* LaunchScreen.storyboard */ = {
			isa = PBXVariantGroup;
			children = (
				4E0475B41EE6BB4500EF9579 /* Base */,
			);
			name = LaunchScreen.storyboard;
			sourceTree = "<group>";
		};
		4E0475B51EE6BB4500EF9579 /* Main.storyboard */ = {
			isa = PBXVariantGroup;
			children = (
				4E0475B61EE6BB4500EF9579 /* Base */,
			);
			name = Main.storyboard;
			sourceTree = "<group>";
		};
/* End PBXVariantGroup section */

/* Begin XCBuildConfiguration section */
		4E0475A11EE6BA7D00EF9579 /* Debug */ = {
			isa = XCBuildConfiguration;
			buildSettings = {
				ALWAYS_SEARCH_USER_PATHS = NO;
				CLANG_ANALYZER_NONNULL = YES;
				CLANG_ANALYZER_NUMBER_OBJECT_CONVERSION = YES_AGGRESSIVE;
				CLANG_CXX_LANGUAGE_STANDARD = "gnu++0x";
				CLANG_CXX_LIBRARY = "libc++";
				CLANG_ENABLE_MODULES = YES;
				CLANG_ENABLE_OBJC_ARC = YES;
				CLANG_WARN_BOOL_CONVERSION = YES;
				CLANG_WARN_CONSTANT_CONVERSION = YES;
				CLANG_WARN_DIRECT_OBJC_ISA_USAGE = YES_ERROR;
				CLANG_WARN_DOCUMENTATION_COMMENTS = YES;
				CLANG_WARN_EMPTY_BODY = YES;
				CLANG_WARN_ENUM_CONVERSION = YES;
				CLANG_WARN_INFINITE_RECURSION = YES;
				CLANG_WARN_INT_CONVERSION = YES;
				CLANG_WARN_OBJC_ROOT_CLASS = YES_ERROR;
				CLANG_WARN_SUSPICIOUS_MOVE = YES;
				CLANG_WARN_UNREACHABLE_CODE = YES;
				CLANG_WARN__DUPLICATE_METHOD_MATCH = YES;
				"CODE_SIGN_IDENTITY[sdk=iphoneos*]" = "iPhone Developer";
				COPY_PHASE_STRIP = NO;
				DEBUG_INFORMATION_FORMAT = dwarf;
				ENABLE_STRICT_OBJC_MSGSEND = YES;
				ENABLE_TESTABILITY = YES;
				GCC_C_LANGUAGE_STANDARD = gnu99;
				GCC_DYNAMIC_NO_PIC = NO;
				GCC_NO_COMMON_BLOCKS = YES;
				GCC_OPTIMIZATION_LEVEL = 0;
				GCC_PREPROCESSOR_DEFINITIONS = (
					"DEBUG=1",
					"$(inherited)",
				);
				GCC_WARN_64_TO_32_BIT_CONVERSION = YES;
				GCC_WARN_ABOUT_RETURN_TYPE = YES_ERROR;
				GCC_WARN_UNDECLARED_SELECTOR = YES;
				GCC_WARN_UNINITIALIZED_AUTOS = YES_AGGRESSIVE;
				GCC_WARN_UNUSED_FUNCTION = YES;
				GCC_WARN_UNUSED_VARIABLE = YES;
				IPHONEOS_DEPLOYMENT_TARGET = 10.3;
				MTL_ENABLE_DEBUG_INFO = YES;
				ONLY_ACTIVE_ARCH = YES;
				SDKROOT = iphoneos;
				SWIFT_ACTIVE_COMPILATION_CONDITIONS = DEBUG;
				SWIFT_OPTIMIZATION_LEVEL = "-Onone";
			};
			name = Debug;
		};
		4E0475A21EE6BA7D00EF9579 /* Release */ = {
			isa = XCBuildConfiguration;
			buildSettings = {
				ALWAYS_SEARCH_USER_PATHS = NO;
				CLANG_ANALYZER_NONNULL = YES;
				CLANG_ANALYZER_NUMBER_OBJECT_CONVERSION = YES_AGGRESSIVE;
				CLANG_CXX_LANGUAGE_STANDARD = "gnu++0x";
				CLANG_CXX_LIBRARY = "libc++";
				CLANG_ENABLE_MODULES = YES;
				CLANG_ENABLE_OBJC_ARC = YES;
				CLANG_WARN_BOOL_CONVERSION = YES;
				CLANG_WARN_CONSTANT_CONVERSION = YES;
				CLANG_WARN_DIRECT_OBJC_ISA_USAGE = YES_ERROR;
				CLANG_WARN_DOCUMENTATION_COMMENTS = YES;
				CLANG_WARN_EMPTY_BODY = YES;
				CLANG_WARN_ENUM_CONVERSION = YES;
				CLANG_WARN_INFINITE_RECURSION = YES;
				CLANG_WARN_INT_CONVERSION = YES;
				CLANG_WARN_OBJC_ROOT_CLASS = YES_ERROR;
				CLANG_WARN_SUSPICIOUS_MOVE = YES;
				CLANG_WARN_UNREACHABLE_CODE = YES;
				CLANG_WARN__DUPLICATE_METHOD_MATCH = YES;
				"CODE_SIGN_IDENTITY[sdk=iphoneos*]" = "iPhone Developer";
				COPY_PHASE_STRIP = NO;
				DEBUG_INFORMATION_FORMAT = "dwarf-with-dsym";
				ENABLE_NS_ASSERTIONS = NO;
				ENABLE_STRICT_OBJC_MSGSEND = YES;
				GCC_C_LANGUAGE_STANDARD = gnu99;
				GCC_NO_COMMON_BLOCKS = YES;
				GCC_WARN_64_TO_32_BIT_CONVERSION = YES;
				GCC_WARN_ABOUT_RETURN_TYPE = YES_ERROR;
				GCC_WARN_UNDECLARED_SELECTOR = YES;
				GCC_WARN_UNINITIALIZED_AUTOS = YES_AGGRESSIVE;
				GCC_WARN_UNUSED_FUNCTION = YES;
				GCC_WARN_UNUSED_VARIABLE = YES;
				IPHONEOS_DEPLOYMENT_TARGET = 10.3;
				MTL_ENABLE_DEBUG_INFO = NO;
				SDKROOT = iphoneos;
				SWIFT_OPTIMIZATION_LEVEL = "-Owholemodule";
				VALIDATE_PRODUCT = YES;
			};
			name = Release;
		};
		4E0475A41EE6BA7D00EF9579 /* Debug */ = {
			isa = XCBuildConfiguration;
			buildSettings = {
				ASSETCATALOG_COMPILER_APPICON_NAME = AppIcon;
				DEVELOPMENT_TEAM = MP8KVSC52S;
				INFOPLIST_FILE = "RedditViewer/Supporting Files/Info.plist";
				LD_RUNPATH_SEARCH_PATHS = "$(inherited) @executable_path/Frameworks";
				PRODUCT_BUNDLE_IDENTIFIER = com.vm.RedditViewer;
				PRODUCT_NAME = "$(TARGET_NAME)";
				SWIFT_VERSION = 3.0;
			};
			name = Debug;
		};
		4E0475A51EE6BA7D00EF9579 /* Release */ = {
			isa = XCBuildConfiguration;
			buildSettings = {
				ASSETCATALOG_COMPILER_APPICON_NAME = AppIcon;
				DEVELOPMENT_TEAM = MP8KVSC52S;
				INFOPLIST_FILE = "RedditViewer/Supporting Files/Info.plist";
				LD_RUNPATH_SEARCH_PATHS = "$(inherited) @executable_path/Frameworks";
				PRODUCT_BUNDLE_IDENTIFIER = com.vm.RedditViewer;
				PRODUCT_NAME = "$(TARGET_NAME)";
				SWIFT_VERSION = 3.0;
			};
			name = Release;
		};
		4E0475A71EE6BA7D00EF9579 /* Debug */ = {
			isa = XCBuildConfiguration;
			buildSettings = {
				ALWAYS_EMBED_SWIFT_STANDARD_LIBRARIES = YES;
				BUNDLE_LOADER = "$(TEST_HOST)";
				CLANG_ENABLE_MODULES = YES;
				DEVELOPMENT_TEAM = MP8KVSC52S;
				INFOPLIST_FILE = RedditViewerTests/Info.plist;
				LD_RUNPATH_SEARCH_PATHS = "$(inherited) @executable_path/Frameworks @loader_path/Frameworks";
				PRODUCT_BUNDLE_IDENTIFIER = com.vm.RedditViewerTests;
				PRODUCT_NAME = "$(TARGET_NAME)";
				SWIFT_OPTIMIZATION_LEVEL = "-Onone";
				SWIFT_VERSION = 3.0;
				TEST_HOST = "$(BUILT_PRODUCTS_DIR)/RedditViewer.app/RedditViewer";
			};
			name = Debug;
		};
		4E0475A81EE6BA7D00EF9579 /* Release */ = {
			isa = XCBuildConfiguration;
			buildSettings = {
				ALWAYS_EMBED_SWIFT_STANDARD_LIBRARIES = YES;
				BUNDLE_LOADER = "$(TEST_HOST)";
				CLANG_ENABLE_MODULES = YES;
				DEVELOPMENT_TEAM = MP8KVSC52S;
				INFOPLIST_FILE = RedditViewerTests/Info.plist;
				LD_RUNPATH_SEARCH_PATHS = "$(inherited) @executable_path/Frameworks @loader_path/Frameworks";
				PRODUCT_BUNDLE_IDENTIFIER = com.vm.RedditViewerTests;
				PRODUCT_NAME = "$(TARGET_NAME)";
				SWIFT_VERSION = 3.0;
				TEST_HOST = "$(BUILT_PRODUCTS_DIR)/RedditViewer.app/RedditViewer";
			};
			name = Release;
		};
/* End XCBuildConfiguration section */

/* Begin XCConfigurationList section */
		4E0475811EE6BA7D00EF9579 /* Build configuration list for PBXProject "RedditViewer" */ = {
			isa = XCConfigurationList;
			buildConfigurations = (
				4E0475A11EE6BA7D00EF9579 /* Debug */,
				4E0475A21EE6BA7D00EF9579 /* Release */,
			);
			defaultConfigurationIsVisible = 0;
			defaultConfigurationName = Release;
		};
		4E0475A31EE6BA7D00EF9579 /* Build configuration list for PBXNativeTarget "RedditViewer" */ = {
			isa = XCConfigurationList;
			buildConfigurations = (
				4E0475A41EE6BA7D00EF9579 /* Debug */,
				4E0475A51EE6BA7D00EF9579 /* Release */,
			);
			defaultConfigurationIsVisible = 0;
			defaultConfigurationName = Release;
		};
		4E0475A61EE6BA7D00EF9579 /* Build configuration list for PBXNativeTarget "RedditViewerTests" */ = {
			isa = XCConfigurationList;
			buildConfigurations = (
				4E0475A71EE6BA7D00EF9579 /* Debug */,
				4E0475A81EE6BA7D00EF9579 /* Release */,
			);
			defaultConfigurationIsVisible = 0;
			defaultConfigurationName = Release;
		};
/* End XCConfigurationList section */
	};
	rootObject = 4E04757E1EE6BA7D00EF9579 /* Project object */;
}
